
Microsoft Visual Studio Solution File, Format Version 12.00
# Visual Studio Version 17
VisualStudioVersion = 17.7.34221.43
MinimumVisualStudioVersion = 10.0.40219.1
Project("{FAE04EC0-301F-11D3-BF4B-00C04F79EFBC}") = "MyBulky", "MyBulky\MyBulky.csproj", "{3E41C03A-03F2-4922-877C-5189461D40BD}"
EndProject
Global
	GlobalSection(SolutionConfigurationPlatforms) = preSolution
		Debug|Any CPU = Debug|Any CPU
		Release|Any CPU = Release|Any CPU
	EndGlobalSection
	GlobalSection(ProjectConfigurationPlatforms) = postSolution
		{3E41C03A-03F2-4922-877C-5189461D40BD}.Debug|Any CPU.ActiveCfg = Debug|Any CPU
		{3E41C03A-03F2-4922-877C-5189461D40BD}.Debug|Any CPU.Build.0 = Debug|Any CPU
		{3E41C03A-03F2-4922-877C-5189461D40BD}.Release|Any CPU.ActiveCfg = Release|Any CPU
		{3E41C03A-03F2-4922-877C-5189461D40BD}.Release|Any CPU.Build.0 = Release|Any CPU
	EndGlobalSection
	GlobalSection(SolutionProperties) = preSolution
		HideSolutionNode = FALSE
	EndGlobalSection
	GlobalSection(ExtensibilityGlobals) = postSolution
		SolutionGuid = {83993D93-606C-46B5-A2F8-BAE6AC38EC65}
	EndGlobalSection
EndGlobal
